
Microsoft Visual Studio Solution File, Format Version 12.00
# Visual Studio Version 17
VisualStudioVersion = 17.5.002.0
MinimumVisualStudioVersion = 10.0.40219.1
Project("{9A19103F-16F7-4668-BE54-9A1E7A4F7556}") = "Project-University", "Project-University.csproj", "{BCA310DD-5D05-4D63-8F27-AE911D586104}"
EndProject
Global
	GlobalSection(SolutionConfigurationPlatforms) = preSolution
		Debug|Any CPU = Debug|Any CPU
		Release|Any CPU = Release|Any CPU
	EndGlobalSection
	GlobalSection(ProjectConfigurationPlatforms) = postSolution
		{BCA310DD-5D05-4D63-8F27-AE911D586104}.Debug|Any CPU.ActiveCfg = Debug|Any CPU
		{BCA310DD-5D05-4D63-8F27-AE911D586104}.Debug|Any CPU.Build.0 = Debug|Any CPU
		{BCA310DD-5D05-4D63-8F27-AE911D586104}.Release|Any CPU.ActiveCfg = Release|Any CPU
		{BCA310DD-5D05-4D63-8F27-AE911D586104}.Release|Any CPU.Build.0 = Release|Any CPU
	EndGlobalSection
	GlobalSection(SolutionProperties) = preSolution
		HideSolutionNode = FALSE
	EndGlobalSection
	GlobalSection(ExtensibilityGlobals) = postSolution
		SolutionGuid = {0866A3B1-09B1-4143-90E0-E9FA8EDC2BA0}
	EndGlobalSection
EndGlobal
